// !$*UTF8*$!
{
	archiveVersion = 1;
	classes = {
	};
	objectVersion = 55;
	objects = {

/* Begin PBXBuildFile section */
		016EC6BB295B553D001EC39F /* Coffeeshop_FinderApp.swift in Sources */ = {isa = PBXBuildFile; fileRef = 016EC6BA295B553D001EC39F /* Coffeeshop_FinderApp.swift */; };
		016EC6BF295B5540001EC39F /* Assets.xcassets in Resources */ = {isa = PBXBuildFile; fileRef = 016EC6BE295B5540001EC39F /* Assets.xcassets */; };
		016EC6C2295B5540001EC39F /* Preview Assets.xcassets in Resources */ = {isa = PBXBuildFile; fileRef = 016EC6C1295B5540001EC39F /* Preview Assets.xcassets */; };
		016EC6CA295B55B9001EC39F /* Coffeeshop.swift in Sources */ = {isa = PBXBuildFile; fileRef = 016EC6C9295B55B9001EC39F /* Coffeeshop.swift */; };
		016EC6CD295B562F001EC39F /* CoffeeshopListView.swift in Sources */ = {isa = PBXBuildFile; fileRef = 016EC6CC295B562F001EC39F /* CoffeeshopListView.swift */; };
		016EC6CF295B618F001EC39F /* CoffeeShopDetailView.swift in Sources */ = {isa = PBXBuildFile; fileRef = 016EC6CE295B618F001EC39F /* CoffeeShopDetailView.swift */; };
/* End PBXBuildFile section */

/* Begin PBXFileReference section */
		016EC6B7295B553D001EC39F /* Coffeeshop Finder.app */ = {isa = PBXFileReference; explicitFileType = wrapper.application; includeInIndex = 0; path = "Coffeeshop Finder.app"; sourceTree = BUILT_PRODUCTS_DIR; };
		016EC6BA295B553D001EC39F /* Coffeeshop_FinderApp.swift */ = {isa = PBXFileReference; lastKnownFileType = sourcecode.swift; path = Coffeeshop_FinderApp.swift; sourceTree = "<group>"; };
		016EC6BE295B5540001EC39F /* Assets.xcassets */ = {isa = PBXFileReference; lastKnownFileType = folder.assetcatalog; path = Assets.xcassets; sourceTree = "<group>"; };
		016EC6C1295B5540001EC39F /* Preview Assets.xcassets */ = {isa = PBXFileReference; lastKnownFileType = folder.assetcatalog; path = "Preview Assets.xcassets"; sourceTree = "<group>"; };
		016EC6C9295B55B9001EC39F /* Coffeeshop.swift */ = {isa = PBXFileReference; lastKnownFileType = sourcecode.swift; path = Coffeeshop.swift; sourceTree = "<group>"; };
		016EC6CC295B562F001EC39F /* CoffeeshopListView.swift */ = {isa = PBXFileReference; lastKnownFileType = sourcecode.swift; path = CoffeeshopListView.swift; sourceTree = "<group>"; };
		016EC6CE295B618F001EC39F /* CoffeeShopDetailView.swift */ = {isa = PBXFileReference; lastKnownFileType = sourcecode.swift; path = CoffeeShopDetailView.swift; sourceTree = "<group>"; };
/* End PBXFileReference section */

/* Begin PBXFrameworksBuildPhase section */
		016EC6B4295B553D001EC39F /* Frameworks */ = {
			isa = PBXFrameworksBuildPhase;
			buildActionMask = 2147483647;
			files = (
			);
			runOnlyForDeploymentPostprocessing = 0;
		};
/* End PBXFrameworksBuildPhase section */

/* Begin PBXGroup section */
		016EC6AE295B553D001EC39F = {
			isa = PBXGroup;
			children = (
				016EC6B9295B553D001EC39F /* Coffeeshop Finder */,
				016EC6B8295B553D001EC39F /* Products */,
			);
			sourceTree = "<group>";
		};
		016EC6B8295B553D001EC39F /* Products */ = {
			isa = PBXGroup;
			children = (
				016EC6B7295B553D001EC39F /* Coffeeshop Finder.app */,
			);
			name = Products;
			sourceTree = "<group>";
		};
		016EC6B9295B553D001EC39F /* Coffeeshop Finder */ = {
			isa = PBXGroup;
			children = (
				016EC6CB295B5618001EC39F /* View */,
				016EC6C8295B55A7001EC39F /* Model */,
				016EC6BA295B553D001EC39F /* Coffeeshop_FinderApp.swift */,
				016EC6BE295B5540001EC39F /* Assets.xcassets */,
				016EC6C0295B5540001EC39F /* Preview Content */,
			);
			path = "Coffeeshop Finder";
			sourceTree = "<group>";
		};
		016EC6C0295B5540001EC39F /* Preview Content */ = {
			isa = PBXGroup;
			children = (
				016EC6C1295B5540001EC39F /* Preview Assets.xcassets */,
			);
			path = "Preview Content";
			sourceTree = "<group>";
		};
		016EC6C8295B55A7001EC39F /* Model */ = {
			isa = PBXGroup;
			children = (
				016EC6C9295B55B9001EC39F /* Coffeeshop.swift */,
			);
			path = Model;
			sourceTree = "<group>";
		};
		016EC6CB295B5618001EC39F /* View */ = {
			isa = PBXGroup;
			children = (
				016EC6CC295B562F001EC39F /* CoffeeshopListView.swift */,
				016EC6CE295B618F001EC39F /* CoffeeShopDetailView.swift */,
			);
			path = View;
			sourceTree = "<group>";
		};
/* End PBXGroup section */

/* Begin PBXNativeTarget section */
		016EC6B6295B553D001EC39F /* Coffeeshop Finder */ = {
			isa = PBXNativeTarget;
			buildConfigurationList = 016EC6C5295B5540001EC39F /* Build configuration list for PBXNativeTarget "Coffeeshop Finder" */;
			buildPhases = (
				016EC6B3295B553D001EC39F /* Sources */,
				016EC6B4295B553D001EC39F /* Frameworks */,
				016EC6B5295B553D001EC39F /* Resources */,
			);
			buildRules = (
			);
			dependencies = (
			);
			name = "Coffeeshop Finder";
			productName = "Coffeeshop Finder";
			productReference = 016EC6B7295B553D001EC39F /* Coffeeshop Finder.app */;
			productType = "com.apple.product-type.application";
		};
/* End PBXNativeTarget section */

/* Begin PBXProject section */
		016EC6AF295B553D001EC39F /* Project object */ = {
			isa = PBXProject;
			attributes = {
				BuildIndependentTargetsInParallel = 1;
				LastSwiftUpdateCheck = 1320;
				LastUpgradeCheck = 1320;
				TargetAttributes = {
					016EC6B6295B553D001EC39F = {
						CreatedOnToolsVersion = 13.2.1;
					};
				};
			};
			buildConfigurationList = 016EC6B2295B553D001EC39F /* Build configuration list for PBXProject "Coffeeshop Finder" */;
			compatibilityVersion = "Xcode 13.0";
			developmentRegion = en;
			hasScannedForEncodings = 0;
			knownRegions = (
				en,
				Base,
			);
			mainGroup = 016EC6AE295B553D001EC39F;
			productRefGroup = 016EC6B8295B553D001EC39F /* Products */;
			projectDirPath = "";
			projectRoot = "";
			targets = (
				016EC6B6295B553D001EC39F /* Coffeeshop Finder */,
			);
		};
/* End PBXProject section */

/* Begin PBXResourcesBuildPhase section */
		016EC6B5295B553D001EC39F /* Resources */ = {
			isa = PBXResourcesBuildPhase;
			buildActionMask = 2147483647;
			files = (
				016EC6C2295B5540001EC39F /* Preview Assets.xcassets in Resources */,
				016EC6BF295B5540001EC39F /* Assets.xcassets in Resources */,
			);
			runOnlyForDeploymentPostprocessing = 0;
		};
/* End PBXResourcesBuildPhase section */

/* Begin PBXSourcesBuildPhase section */
		016EC6B3295B553D001EC39F /* Sources */ = {
			isa = PBXSourcesBuildPhase;
			buildActionMask = 2147483647;
			files = (
				016EC6CD295B562F001EC39F /* CoffeeshopListView.swift in Sources */,
				016EC6CA295B55B9001EC39F /* Coffeeshop.swift in Sources */,
				016EC6BB295B553D001EC39F /* Coffeeshop_FinderApp.swift in Sources */,
				016EC6CF295B618F001EC39F /* CoffeeShopDetailView.swift in Sources */,
			);
			runOnlyForDeploymentPostprocessing = 0;
		};
/* End PBXSourcesBuildPhase section */

/* Begin XCBuildConfiguration section */
		016EC6C3295B5540001EC39F /* Debug */ = {
			isa = XCBuildConfiguration;
			buildSettings = {
				ALWAYS_SEARCH_USER_PATHS = NO;
				CLANG_ANALYZER_NONNULL = YES;
				CLANG_ANALYZER_NUMBER_OBJECT_CONVERSION = YES_AGGRESSIVE;
				CLANG_CXX_LANGUAGE_STANDARD = "gnu++17";
				CLANG_CXX_LIBRARY = "libc++";
				CLANG_ENABLE_MODULES = YES;
				CLANG_ENABLE_OBJC_ARC = YES;
				CLANG_ENABLE_OBJC_WEAK = YES;
				CLANG_WARN_BLOCK_CAPTURE_AUTORELEASING = YES;
				CLANG_WARN_BOOL_CONVERSION = YES;
				CLANG_WARN_COMMA = YES;
				CLANG_WARN_CONSTANT_CONVERSION = YES;
				CLANG_WARN_DEPRECATED_OBJC_IMPLEMENTATIONS = YES;
				CLANG_WARN_DIRECT_OBJC_ISA_USAGE = YES_ERROR;
				CLANG_WARN_DOCUMENTATION_COMMENTS = YES;
				CLANG_WARN_EMPTY_BODY = YES;
				CLANG_WARN_ENUM_CONVERSION = YES;
				CLANG_WARN_INFINITE_RECURSION = YES;
				CLANG_WARN_INT_CONVERSION = YES;
				CLANG_WARN_NON_LITERAL_NULL_CONVERSION = YES;
				CLANG_WARN_OBJC_IMPLICIT_RETAIN_SELF = YES;
				CLANG_WARN_OBJC_LITERAL_CONVERSION = YES;
				CLANG_WARN_OBJC_ROOT_CLASS = YES_ERROR;
				CLANG_WARN_QUOTED_INCLUDE_IN_FRAMEWORK_HEADER = YES;
				CLANG_WARN_RANGE_LOOP_ANALYSIS = YES;
				CLANG_WARN_STRICT_PROTOTYPES = YES;
				CLANG_WARN_SUSPICIOUS_MOVE = YES;
				CLANG_WARN_UNGUARDED_AVAILABILITY = YES_AGGRESSIVE;
				CLANG_WARN_UNREACHABLE_CODE = YES;
				CLANG_WARN__DUPLICATE_METHOD_MATCH = YES;
				COPY_PHASE_STRIP = NO;
				DEBUG_INFORMATION_FORMAT = dwarf;
				ENABLE_STRICT_OBJC_MSGSEND = YES;
				ENABLE_TESTABILITY = YES;
				GCC_C_LANGUAGE_STANDARD = gnu11;
				GCC_DYNAMIC_NO_PIC = NO;
				GCC_NO_COMMON_BLOCKS = YES;
				GCC_OPTIMIZATION_LEVEL = 0;
				GCC_PREPROCESSOR_DEFINITIONS = (
					"DEBUG=1",
					"$(inherited)",
				);
				GCC_WARN_64_TO_32_BIT_CONVERSION = YES;
				GCC_WARN_ABOUT_RETURN_TYPE = YES_ERROR;
				GCC_WARN_UNDECLARED_SELECTOR = YES;
				GCC_WARN_UNINITIALIZED_AUTOS = YES_AGGRESSIVE;
				GCC_WARN_UNUSED_FUNCTION = YES;
				GCC_WARN_UNUSED_VARIABLE = YES;
				IPHONEOS_DEPLOYMENT_TARGET = 15.2;
				MTL_ENABLE_DEBUG_INFO = INCLUDE_SOURCE;
				MTL_FAST_MATH = YES;
				ONLY_ACTIVE_ARCH = YES;
				SDKROOT = iphoneos;
				SWIFT_ACTIVE_COMPILATION_CONDITIONS = DEBUG;
				SWIFT_OPTIMIZATION_LEVEL = "-Onone";
			};
			name = Debug;
		};
		016EC6C4295B5540001EC39F /* Release */ = {
			isa = XCBuildConfiguration;
			buildSettings = {
				ALWAYS_SEARCH_USER_PATHS = NO;
				CLANG_ANALYZER_NONNULL = YES;
				CLANG_ANALYZER_NUMBER_OBJECT_CONVERSION = YES_AGGRESSIVE;
				CLANG_CXX_LANGUAGE_STANDARD = "gnu++17";
				CLANG_CXX_LIBRARY = "libc++";
				CLANG_ENABLE_MODULES = YES;
				CLANG_ENABLE_OBJC_ARC = YES;
				CLANG_ENABLE_OBJC_WEAK = YES;
				CLANG_WARN_BLOCK_CAPTURE_AUTORELEASING = YES;
				CLANG_WARN_BOOL_CONVERSION = YES;
				CLANG_WARN_COMMA = YES;
				CLANG_WARN_CONSTANT_CONVERSION = YES;
				CLANG_WARN_DEPRECATED_OBJC_IMPLEMENTATIONS = YES;
				CLANG_WARN_DIRECT_OBJC_ISA_USAGE = YES_ERROR;
				CLANG_WARN_DOCUMENTATION_COMMENTS = YES;
				CLANG_WARN_EMPTY_BODY = YES;
				CLANG_WARN_ENUM_CONVERSION = YES;
				CLANG_WARN_INFINITE_RECURSION = YES;
				CLANG_WARN_INT_CONVERSION = YES;
				CLANG_WARN_NON_LITERAL_NULL_CONVERSION = YES;
				CLANG_WARN_OBJC_IMPLICIT_RETAIN_SELF = YES;
				CLANG_WARN_OBJC_LITERAL_CONVERSION = YES;
				CLANG_WARN_OBJC_ROOT_CLASS = YES_ERROR;
				CLANG_WARN_QUOTED_INCLUDE_IN_FRAMEWORK_HEADER = YES;
				CLANG_WARN_RANGE_LOOP_ANALYSIS = YES;
				CLANG_WARN_STRICT_PROTOTYPES = YES;
				CLANG_WARN_SUSPICIOUS_MOVE = YES;
				CLANG_WARN_UNGUARDED_AVAILABILITY = YES_AGGRESSIVE;
				CLANG_WARN_UNREACHABLE_CODE = YES;
				CLANG_WARN__DUPLICATE_METHOD_MATCH = YES;
				COPY_PHASE_STRIP = NO;
				DEBUG_INFORMATION_FORMAT = "dwarf-with-dsym";
				ENABLE_NS_ASSERTIONS = NO;
				ENABLE_STRICT_OBJC_MSGSEND = YES;
				GCC_C_LANGUAGE_STANDARD = gnu11;
				GCC_NO_COMMON_BLOCKS = YES;
				GCC_WARN_64_TO_32_BIT_CONVERSION = YES;
				GCC_WARN_ABOUT_RETURN_TYPE = YES_ERROR;
				GCC_WARN_UNDECLARED_SELECTOR = YES;
				GCC_WARN_UNINITIALIZED_AUTOS = YES_AGGRESSIVE;
				GCC_WARN_UNUSED_FUNCTION = YES;
				GCC_WARN_UNUSED_VARIABLE = YES;
				IPHONEOS_DEPLOYMENT_TARGET = 15.2;
				MTL_ENABLE_DEBUG_INFO = NO;
				MTL_FAST_MATH = YES;
				SDKROOT = iphoneos;
				SWIFT_COMPILATION_MODE = wholemodule;
				SWIFT_OPTIMIZATION_LEVEL = "-O";
				VALIDATE_PRODUCT = YES;
			};
			name = Release;
		};
		016EC6C6295B5540001EC39F /* Debug */ = {
			isa = XCBuildConfiguration;
			buildSettings = {
				ASSETCATALOG_COMPILER_APPICON_NAME = AppIcon;
				ASSETCATALOG_COMPILER_GLOBAL_ACCENT_COLOR_NAME = AccentColor;
				CODE_SIGN_STYLE = Automatic;
				CURRENT_PROJECT_VERSION = 1;
				DEVELOPMENT_ASSET_PATHS = "\"Coffeeshop Finder/Preview Content\"";
				DEVELOPMENT_TEAM = 86CWQQPNC4;
				ENABLE_PREVIEWS = YES;
				GENERATE_INFOPLIST_FILE = YES;
				INFOPLIST_KEY_UIApplicationSceneManifest_Generation = YES;
				INFOPLIST_KEY_UIApplicationSupportsIndirectInputEvents = YES;
				INFOPLIST_KEY_UILaunchScreen_Generation = YES;
				INFOPLIST_KEY_UISupportedInterfaceOrientations_iPad = "UIInterfaceOrientationPortrait UIInterfaceOrientationPortraitUpsideDown UIInterfaceOrientationLandscapeLeft UIInterfaceOrientationLandscapeRight";
				INFOPLIST_KEY_UISupportedInterfaceOrientations_iPhone = "UIInterfaceOrientationPortrait UIInterfaceOrientationLandscapeLeft UIInterfaceOrientationLandscapeRight";
				LD_RUNPATH_SEARCH_PATHS = (
					"$(inherited)",
					"@executable_path/Frameworks",
				);
				MARKETING_VERSION = 1.0;
				PRODUCT_BUNDLE_IDENTIFIER = "com.ziesdev.Coffeeshop-Finder";
				PRODUCT_NAME = "$(TARGET_NAME)";
				SWIFT_EMIT_LOC_STRINGS = YES;
				SWIFT_VERSION = 5.0;
				TARGETED_DEVICE_FAMILY = "1,2";
			};
			name = Debug;
		};
		016EC6C7295B5540001EC39F /* Release */ = {
			isa = XCBuildConfiguration;
			buildSettings = {
				ASSETCATALOG_COMPILER_APPICON_NAME = AppIcon;
				ASSETCATALOG_COMPILER_GLOBAL_ACCENT_COLOR_NAME = AccentColor;
				CODE_SIGN_STYLE = Automatic;
				CURRENT_PROJECT_VERSION = 1;
				DEVELOPMENT_ASSET_PATHS = "\"Coffeeshop Finder/Preview Content\"";
				DEVELOPMENT_TEAM = 86CWQQPNC4;
				ENABLE_PREVIEWS = YES;
				GENERATE_INFOPLIST_FILE = YES;
				INFOPLIST_KEY_UIApplicationSceneManifest_Generation = YES;
				INFOPLIST_KEY_UIApplicationSupportsIndirectInputEvents = YES;
				INFOPLIST_KEY_UILaunchScreen_Generation = YES;
				INFOPLIST_KEY_UISupportedInterfaceOrientations_iPad = "UIInterfaceOrientationPortrait UIInterfaceOrientationPortraitUpsideDown UIInterfaceOrientationLandscapeLeft UIInterfaceOrientationLandscapeRight";
				INFOPLIST_KEY_UISupportedInterfaceOrientations_iPhone = "UIInterfaceOrientationPortrait UIInterfaceOrientationLandscapeLeft UIInterfaceOrientationLandscapeRight";
				LD_RUNPATH_SEARCH_PATHS = (
					"$(inherited)",
					"@executable_path/Frameworks",
				);
				MARKETING_VERSION = 1.0;
				PRODUCT_BUNDLE_IDENTIFIER = "com.ziesdev.Coffeeshop-Finder";
				PRODUCT_NAME = "$(TARGET_NAME)";
				SWIFT_EMIT_LOC_STRINGS = YES;
				SWIFT_VERSION = 5.0;
				TARGETED_DEVICE_FAMILY = "1,2";
			};
			name = Release;
		};
/* End XCBuildConfiguration section */

/* Begin XCConfigurationList section */
		016EC6B2295B553D001EC39F /* Build configuration list for PBXProject "Coffeeshop Finder" */ = {
			isa = XCConfigurationList;
			buildConfigurations = (
				016EC6C3295B5540001EC39F /* Debug */,
				016EC6C4295B5540001EC39F /* Release */,
			);
			defaultConfigurationIsVisible = 0;
			defaultConfigurationName = Release;
		};
		016EC6C5295B5540001EC39F /* Build configuration list for PBXNativeTarget "Coffeeshop Finder" */ = {
			isa = XCConfigurationList;
			buildConfigurations = (
				016EC6C6295B5540001EC39F /* Debug */,
				016EC6C7295B5540001EC39F /* Release */,
			);
			defaultConfigurationIsVisible = 0;
			defaultConfigurationName = Release;
		};
/* End XCConfigurationList section */
	};
	rootObject = 016EC6AF295B553D001EC39F /* Project object */;
}
